
Microsoft Visual Studio Solution File, Format Version 12.00
# Visual Studio Version 16
VisualStudioVersion = 16.0.31005.135
MinimumVisualStudioVersion = 10.0.40219.1
Project("{FAE04EC0-301F-11D3-BF4B-00C04F79EFBC}") = "Luya123", "Luya123.csproj", "{D9F0C218-1F3F-4059-BBA4-1B4117B764FD}"
EndProject
Global
	GlobalSection(SolutionConfigurationPlatforms) = preSolution
		Debug|Any CPU = Debug|Any CPU
		Release|Any CPU = Release|Any CPU
	EndGlobalSection
	GlobalSection(ProjectConfigurationPlatforms) = postSolution
		{D9F0C218-1F3F-4059-BBA4-1B4117B764FD}.Debug|Any CPU.ActiveCfg = Debug|Any CPU
		{D9F0C218-1F3F-4059-BBA4-1B4117B764FD}.Debug|Any CPU.Build.0 = Debug|Any CPU
		{D9F0C218-1F3F-4059-BBA4-1B4117B764FD}.Release|Any CPU.ActiveCfg = Release|Any CPU
		{D9F0C218-1F3F-4059-BBA4-1B4117B764FD}.Release|Any CPU.Build.0 = Release|Any CPU
	EndGlobalSection
	GlobalSection(SolutionProperties) = preSolution
		HideSolutionNode = FALSE
	EndGlobalSection
	GlobalSection(ExtensibilityGlobals) = postSolution
		SolutionGuid = {938EB723-91A3-4EC8-9163-8F3A3325B61B}
	EndGlobalSection
EndGlobal
